
Microsoft Visual Studio Solution File, Format Version 12.00
# Visual Studio 15
VisualStudioVersion = 15.0.27703.2035
MinimumVisualStudioVersion = 10.0.40219.1
Project("{FAE04EC0-301F-11D3-BF4B-00C04F79EFBC}") = "NitraLibSodium", "NitraLibSodium\NitraLibSodium.csproj", "{AA1A7EA6-2C3A-4727-8C4B-49155DFBB016}"
EndProject
Global
	GlobalSection(SolutionConfigurationPlatforms) = preSolution
		Debug|Any CPU = Debug|Any CPU
		Release|Any CPU = Release|Any CPU
	EndGlobalSection
	GlobalSection(ProjectConfigurationPlatforms) = postSolution
		{AA1A7EA6-2C3A-4727-8C4B-49155DFBB016}.Debug|Any CPU.ActiveCfg = Debug|Any CPU
		{AA1A7EA6-2C3A-4727-8C4B-49155DFBB016}.Debug|Any CPU.Build.0 = Debug|Any CPU
		{AA1A7EA6-2C3A-4727-8C4B-49155DFBB016}.Release|Any CPU.ActiveCfg = Release|Any CPU
		{AA1A7EA6-2C3A-4727-8C4B-49155DFBB016}.Release|Any CPU.Build.0 = Release|Any CPU
	EndGlobalSection
	GlobalSection(SolutionProperties) = preSolution
		HideSolutionNode = FALSE
	EndGlobalSection
	GlobalSection(ExtensibilityGlobals) = postSolution
		SolutionGuid = {D8BBE2B9-7ACB-41D6-80B7-D4480BF085CC}
	EndGlobalSection
EndGlobal
